
Microsoft Visual Studio Solution File, Format Version 12.00
# Visual Studio Version 17
VisualStudioVersion = 17.0.31903.59
MinimumVisualStudioVersion = 10.0.40219.1
Project("{2150E333-8FDC-42A3-9474-1A3956D46DE8}") = "src", "src", "{79950354-E234-4CCF-963A-593316770FBE}"
EndProject
Project("{9A19103F-16F7-4668-BE54-9A1E7A4F7556}") = "HwOverlay", "src\HwOverlay\HwOverlay.csproj", "{7A9190A0-0DF2-491B-8DF9-8C214D6155E8}"
EndProject
Global
	GlobalSection(SolutionConfigurationPlatforms) = preSolution
		Debug|Any CPU = Debug|Any CPU
		Release|Any CPU = Release|Any CPU
	EndGlobalSection
	GlobalSection(ProjectConfigurationPlatforms) = postSolution
		{7A9190A0-0DF2-491B-8DF9-8C214D6155E8}.Debug|Any CPU.ActiveCfg = Debug|Any CPU
		{7A9190A0-0DF2-491B-8DF9-8C214D6155E8}.Debug|Any CPU.Build.0 = Debug|Any CPU
		{7A9190A0-0DF2-491B-8DF9-8C214D6155E8}.Release|Any CPU.ActiveCfg = Release|Any CPU
		{7A9190A0-0DF2-491B-8DF9-8C214D6155E8}.Release|Any CPU.Build.0 = Release|Any CPU
	EndGlobalSection
	GlobalSection(SolutionProperties) = preSolution
		HideSolutionNode = FALSE
	EndGlobalSection
	GlobalSection(NestedProjects) = preSolution
		{7A9190A0-0DF2-491B-8DF9-8C214D6155E8} = {79950354-E234-4CCF-963A-593316770FBE}
	EndGlobalSection
	GlobalSection(ExtensibilityGlobals) = postSolution
		SolutionGuid = {B55E09EC-5ED3-41BC-B410-034EE3B595DE}
	EndGlobalSection
EndGlobal
